
Microsoft Visual Studio Solution File, Format Version 12.00
# Visual Studio 15
VisualStudioVersion = 15.0.28010.2019
MinimumVisualStudioVersion = 10.0.40219.1
Project("{FAE04EC0-301F-11D3-BF4B-00C04F79EFBC}") = "Lab3", "Lab3\Lab3.csproj", "{44AE0DFE-8D84-488F-832B-856F20113A0F}"
EndProject
Global
	GlobalSection(SolutionConfigurationPlatforms) = preSolution
		Debug|Any CPU = Debug|Any CPU
		Release|Any CPU = Release|Any CPU
	EndGlobalSection
	GlobalSection(ProjectConfigurationPlatforms) = postSolution
		{44AE0DFE-8D84-488F-832B-856F20113A0F}.Debug|Any CPU.ActiveCfg = Debug|Any CPU
		{44AE0DFE-8D84-488F-832B-856F20113A0F}.Debug|Any CPU.Build.0 = Debug|Any CPU
		{44AE0DFE-8D84-488F-832B-856F20113A0F}.Release|Any CPU.ActiveCfg = Release|Any CPU
		{44AE0DFE-8D84-488F-832B-856F20113A0F}.Release|Any CPU.Build.0 = Release|Any CPU
	EndGlobalSection
	GlobalSection(SolutionProperties) = preSolution
		HideSolutionNode = FALSE
	EndGlobalSection
	GlobalSection(ExtensibilityGlobals) = postSolution
		SolutionGuid = {A8BAC2B9-E7C4-491F-9290-D25986E647C2}
	EndGlobalSection
EndGlobal
